// !$*UTF8*$!
{
	archiveVersion = 1;
	classes = {
	};
	objectVersion = 46;
	objects = {

/* Begin PBXBuildFile section */
		D70BCEE41EA6F77700E920B0 /* main.m in Sources */ = {isa = PBXBuildFile; fileRef = D70BCEE31EA6F77700E920B0 /* main.m */; };
		D70BCEE71EA6F77700E920B0 /* AppDelegate.m in Sources */ = {isa = PBXBuildFile; fileRef = D70BCEE61EA6F77700E920B0 /* AppDelegate.m */; };
		D70BCEEF1EA6F77700E920B0 /* Assets.xcassets in Resources */ = {isa = PBXBuildFile; fileRef = D70BCEEE1EA6F77700E920B0 /* Assets.xcassets */; };
		D70BCEF21EA6F77700E920B0 /* LaunchScreen.storyboard in Resources */ = {isa = PBXBuildFile; fileRef = D70BCEF01EA6F77700E920B0 /* LaunchScreen.storyboard */; };
		D70BCEFD1EA6F77700E920B0 /* TranslationAnimateTests.m in Sources */ = {isa = PBXBuildFile; fileRef = D70BCEFC1EA6F77700E920B0 /* TranslationAnimateTests.m */; };
		D70BCF081EA6F77700E920B0 /* TranslationAnimateUITests.m in Sources */ = {isa = PBXBuildFile; fileRef = D70BCF071EA6F77700E920B0 /* TranslationAnimateUITests.m */; };
		D70BCF1D1EA6F7C900E920B0 /* FromViewController.m in Sources */ = {isa = PBXBuildFile; fileRef = D70BCF1C1EA6F7C900E920B0 /* FromViewController.m */; };
		D70BCF201EA6F8E200E920B0 /* TranslationAnimateManager.m in Sources */ = {isa = PBXBuildFile; fileRef = D70BCF1F1EA6F8E200E920B0 /* TranslationAnimateManager.m */; };
		D70BCF3C1EA7490300E920B0 /* ToViewController.m in Sources */ = {isa = PBXBuildFile; fileRef = D70BCF191EA6F7B500E920B0 /* ToViewController.m */; };
		D70BCF3F1EA7547600E920B0 /* UIView+Snapshot.m in Sources */ = {isa = PBXBuildFile; fileRef = D70BCF3E1EA7547600E920B0 /* UIView+Snapshot.m */; };
		D70BCF451EA76BA400E920B0 /* SwipeInteractiveTransition.m in Sources */ = {isa = PBXBuildFile; fileRef = D70BCF441EA76BA400E920B0 /* SwipeInteractiveTransition.m */; };
/* End PBXBuildFile section */

/* Begin PBXContainerItemProxy section */
		D70BCEF91EA6F77700E920B0 /* PBXContainerItemProxy */ = {
			isa = PBXContainerItemProxy;
			containerPortal = D70BCED71EA6F77700E920B0 /* Project object */;
			proxyType = 1;
			remoteGlobalIDString = D70BCEDE1EA6F77700E920B0;
			remoteInfo = TranslationAnimate;
		};
		D70BCF041EA6F77700E920B0 /* PBXContainerItemProxy */ = {
			isa = PBXContainerItemProxy;
			containerPortal = D70BCED71EA6F77700E920B0 /* Project object */;
			proxyType = 1;
			remoteGlobalIDString = D70BCEDE1EA6F77700E920B0;
			remoteInfo = TranslationAnimate;
		};
/* End PBXContainerItemProxy section */

/* Begin PBXFileReference section */
		D70BCEDF1EA6F77700E920B0 /* TranslationAnimate.app */ = {isa = PBXFileReference; explicitFileType = wrapper.application; includeInIndex = 0; path = TranslationAnimate.app; sourceTree = BUILT_PRODUCTS_DIR; };
		D70BCEE31EA6F77700E920B0 /* main.m */ = {isa = PBXFileReference; lastKnownFileType = sourcecode.c.objc; path = main.m; sourceTree = "<group>"; };
		D70BCEE51EA6F77700E920B0 /* AppDelegate.h */ = {isa = PBXFileReference; lastKnownFileType = sourcecode.c.h; path = AppDelegate.h; sourceTree = "<group>"; };
		D70BCEE61EA6F77700E920B0 /* AppDelegate.m */ = {isa = PBXFileReference; lastKnownFileType = sourcecode.c.objc; path = AppDelegate.m; sourceTree = "<group>"; };
		D70BCEEE1EA6F77700E920B0 /* Assets.xcassets */ = {isa = PBXFileReference; lastKnownFileType = folder.assetcatalog; path = Assets.xcassets; sourceTree = "<group>"; };
		D70BCEF11EA6F77700E920B0 /* Base */ = {isa = PBXFileReference; lastKnownFileType = file.storyboard; name = Base; path = Base.lproj/LaunchScreen.storyboard; sourceTree = "<group>"; };
		D70BCEF31EA6F77700E920B0 /* Info.plist */ = {isa = PBXFileReference; lastKnownFileType = text.plist.xml; path = Info.plist; sourceTree = "<group>"; };
		D70BCEF81EA6F77700E920B0 /* TranslationAnimateTests.xctest */ = {isa = PBXFileReference; explicitFileType = wrapper.cfbundle; includeInIndex = 0; path = TranslationAnimateTests.xctest; sourceTree = BUILT_PRODUCTS_DIR; };
		D70BCEFC1EA6F77700E920B0 /* TranslationAnimateTests.m */ = {isa = PBXFileReference; lastKnownFileType = sourcecode.c.objc; path = TranslationAnimateTests.m; sourceTree = "<group>"; };
		D70BCEFE1EA6F77700E920B0 /* Info.plist */ = {isa = PBXFileReference; lastKnownFileType = text.plist.xml; path = Info.plist; sourceTree = "<group>"; };
		D70BCF031EA6F77700E920B0 /* TranslationAnimateUITests.xctest */ = {isa = PBXFileReference; explicitFileType = wrapper.cfbundle; includeInIndex = 0; path = TranslationAnimateUITests.xctest; sourceTree = BUILT_PRODUCTS_DIR; };
		D70BCF071EA6F77700E920B0 /* TranslationAnimateUITests.m */ = {isa = PBXFileReference; lastKnownFileType = sourcecode.c.objc; path = TranslationAnimateUITests.m; sourceTree = "<group>"; };
		D70BCF091EA6F77700E920B0 /* Info.plist */ = {isa = PBXFileReference; lastKnownFileType = text.plist.xml; path = Info.plist; sourceTree = "<group>"; };
		D70BCF181EA6F7B500E920B0 /* ToViewController.h */ = {isa = PBXFileReference; fileEncoding = 4; lastKnownFileType = sourcecode.c.h; path = ToViewController.h; sourceTree = "<group>"; };
		D70BCF191EA6F7B500E920B0 /* ToViewController.m */ = {isa = PBXFileReference; fileEncoding = 4; lastKnownFileType = sourcecode.c.objc; path = ToViewController.m; sourceTree = "<group>"; };
		D70BCF1B1EA6F7C900E920B0 /* FromViewController.h */ = {isa = PBXFileReference; fileEncoding = 4; lastKnownFileType = sourcecode.c.h; path = FromViewController.h; sourceTree = "<group>"; };
		D70BCF1C1EA6F7C900E920B0 /* FromViewController.m */ = {isa = PBXFileReference; fileEncoding = 4; lastKnownFileType = sourcecode.c.objc; path = FromViewController.m; sourceTree = "<group>"; };
		D70BCF1E1EA6F8E200E920B0 /* TranslationAnimateManager.h */ = {isa = PBXFileReference; fileEncoding = 4; lastKnownFileType = sourcecode.c.h; path = TranslationAnimateManager.h; sourceTree = "<group>"; };
		D70BCF1F1EA6F8E200E920B0 /* TranslationAnimateManager.m */ = {isa = PBXFileReference; fileEncoding = 4; lastKnownFileType = sourcecode.c.objc; path = TranslationAnimateManager.m; sourceTree = "<group>"; };
		D70BCF3D1EA7547600E920B0 /* UIView+Snapshot.h */ = {isa = PBXFileReference; fileEncoding = 4; lastKnownFileType = sourcecode.c.h; path = "UIView+Snapshot.h"; sourceTree = "<group>"; };
		D70BCF3E1EA7547600E920B0 /* UIView+Snapshot.m */ = {isa = PBXFileReference; fileEncoding = 4; lastKnownFileType = sourcecode.c.objc; path = "UIView+Snapshot.m"; sourceTree = "<group>"; };
		D70BCF431EA76BA400E920B0 /* SwipeInteractiveTransition.h */ = {isa = PBXFileReference; fileEncoding = 4; lastKnownFileType = sourcecode.c.h; path = SwipeInteractiveTransition.h; sourceTree = "<group>"; };
		D70BCF441EA76BA400E920B0 /* SwipeInteractiveTransition.m */ = {isa = PBXFileReference; fileEncoding = 4; lastKnownFileType = sourcecode.c.objc; path = SwipeInteractiveTransition.m; sourceTree = "<group>"; };
/* End PBXFileReference section */

/* Begin PBXFrameworksBuildPhase section */
		D70BCEDC1EA6F77700E920B0 /* Frameworks */ = {
			isa = PBXFrameworksBuildPhase;
			buildActionMask = 2147483647;
			files = (
			);
			runOnlyForDeploymentPostprocessing = 0;
		};
		D70BCEF51EA6F77700E920B0 /* Frameworks */ = {
			isa = PBXFrameworksBuildPhase;
			buildActionMask = 2147483647;
			files = (
			);
			runOnlyForDeploymentPostprocessing = 0;
		};
		D70BCF001EA6F77700E920B0 /* Frameworks */ = {
			isa = PBXFrameworksBuildPhase;
			buildActionMask = 2147483647;
			files = (
			);
			runOnlyForDeploymentPostprocessing = 0;
		};
/* End PBXFrameworksBuildPhase section */

/* Begin PBXGroup section */
		D70BCED61EA6F77700E920B0 = {
			isa = PBXGroup;
			children = (
				D70BCEE11EA6F77700E920B0 /* TranslationAnimate */,
				D70BCEFB1EA6F77700E920B0 /* TranslationAnimateTests */,
				D70BCF061EA6F77700E920B0 /* TranslationAnimateUITests */,
				D70BCEE01EA6F77700E920B0 /* Products */,
			);
			sourceTree = "<group>";
		};
		D70BCEE01EA6F77700E920B0 /* Products */ = {
			isa = PBXGroup;
			children = (
				D70BCEDF1EA6F77700E920B0 /* TranslationAnimate.app */,
				D70BCEF81EA6F77700E920B0 /* TranslationAnimateTests.xctest */,
				D70BCF031EA6F77700E920B0 /* TranslationAnimateUITests.xctest */,
			);
			name = Products;
			sourceTree = "<group>";
		};
		D70BCEE11EA6F77700E920B0 /* TranslationAnimate */ = {
			isa = PBXGroup;
			children = (
				D70BCF3D1EA7547600E920B0 /* UIView+Snapshot.h */,
				D70BCF3E1EA7547600E920B0 /* UIView+Snapshot.m */,
				D70BCEE51EA6F77700E920B0 /* AppDelegate.h */,
				D70BCEE61EA6F77700E920B0 /* AppDelegate.m */,
				D70BCEEE1EA6F77700E920B0 /* Assets.xcassets */,
				D70BCEF01EA6F77700E920B0 /* LaunchScreen.storyboard */,
				D70BCEF31EA6F77700E920B0 /* Info.plist */,
				D70BCEE21EA6F77700E920B0 /* Supporting Files */,
				D70BCF181EA6F7B500E920B0 /* ToViewController.h */,
				D70BCF191EA6F7B500E920B0 /* ToViewController.m */,
				D70BCF1B1EA6F7C900E920B0 /* FromViewController.h */,
				D70BCF1C1EA6F7C900E920B0 /* FromViewController.m */,
				D70BCF1E1EA6F8E200E920B0 /* TranslationAnimateManager.h */,
				D70BCF1F1EA6F8E200E920B0 /* TranslationAnimateManager.m */,
				D70BCF431EA76BA400E920B0 /* SwipeInteractiveTransition.h */,
				D70BCF441EA76BA400E920B0 /* SwipeInteractiveTransition.m */,
			);
			path = TranslationAnimate;
			sourceTree = "<group>";
		};
		D70BCEE21EA6F77700E920B0 /* Supporting Files */ = {
			isa = PBXGroup;
			children = (
				D70BCEE31EA6F77700E920B0 /* main.m */,
			);
			name = "Supporting Files";
			sourceTree = "<group>";
		};
		D70BCEFB1EA6F77700E920B0 /* TranslationAnimateTests */ = {
			isa = PBXGroup;
			children = (
				D70BCEFC1EA6F77700E920B0 /* TranslationAnimateTests.m */,
				D70BCEFE1EA6F77700E920B0 /* Info.plist */,
			);
			path = TranslationAnimateTests;
			sourceTree = "<group>";
		};
		D70BCF061EA6F77700E920B0 /* TranslationAnimateUITests */ = {
			isa = PBXGroup;
			children = (
				D70BCF071EA6F77700E920B0 /* TranslationAnimateUITests.m */,
				D70BCF091EA6F77700E920B0 /* Info.plist */,
			);
			path = TranslationAnimateUITests;
			sourceTree = "<group>";
		};
/* End PBXGroup section */

/* Begin PBXNativeTarget section */
		D70BCEDE1EA6F77700E920B0 /* TranslationAnimate */ = {
			isa = PBXNativeTarget;
			buildConfigurationList = D70BCF0C1EA6F77700E920B0 /* Build configuration list for PBXNativeTarget "TranslationAnimate" */;
			buildPhases = (
				D70BCEDB1EA6F77700E920B0 /* Sources */,
				D70BCEDC1EA6F77700E920B0 /* Frameworks */,
				D70BCEDD1EA6F77700E920B0 /* Resources */,
			);
			buildRules = (
			);
			dependencies = (
			);
			name = TranslationAnimate;
			productName = TranslationAnimate;
			productReference = D70BCEDF1EA6F77700E920B0 /* TranslationAnimate.app */;
			productType = "com.apple.product-type.application";
		};
		D70BCEF71EA6F77700E920B0 /* TranslationAnimateTests */ = {
			isa = PBXNativeTarget;
			buildConfigurationList = D70BCF0F1EA6F77700E920B0 /* Build configuration list for PBXNativeTarget "TranslationAnimateTests" */;
			buildPhases = (
				D70BCEF41EA6F77700E920B0 /* Sources */,
				D70BCEF51EA6F77700E920B0 /* Frameworks */,
				D70BCEF61EA6F77700E920B0 /* Resources */,
			);
			buildRules = (
			);
			dependencies = (
				D70BCEFA1EA6F77700E920B0 /* PBXTargetDependency */,
			);
			name = TranslationAnimateTests;
			productName = TranslationAnimateTests;
			productReference = D70BCEF81EA6F77700E920B0 /* TranslationAnimateTests.xctest */;
			productType = "com.apple.product-type.bundle.unit-test";
		};
		D70BCF021EA6F77700E920B0 /* TranslationAnimateUITests */ = {
			isa = PBXNativeTarget;
			buildConfigurationList = D70BCF121EA6F77700E920B0 /* Build configuration list for PBXNativeTarget "TranslationAnimateUITests" */;
			buildPhases = (
				D70BCEFF1EA6F77700E920B0 /* Sources */,
				D70BCF001EA6F77700E920B0 /* Frameworks */,
				D70BCF011EA6F77700E920B0 /* Resources */,
			);
			buildRules = (
			);
			dependencies = (
				D70BCF051EA6F77700E920B0 /* PBXTargetDependency */,
			);
			name = TranslationAnimateUITests;
			productName = TranslationAnimateUITests;
			productReference = D70BCF031EA6F77700E920B0 /* TranslationAnimateUITests.xctest */;
			productType = "com.apple.product-type.bundle.ui-testing";
		};
/* End PBXNativeTarget section */

/* Begin PBXProject section */
		D70BCED71EA6F77700E920B0 /* Project object */ = {
			isa = PBXProject;
			attributes = {
				LastUpgradeCheck = 0830;
				ORGANIZATIONNAME = tencent;
				TargetAttributes = {
					D70BCEDE1EA6F77700E920B0 = {
						CreatedOnToolsVersion = 8.3.1;
						DevelopmentTeam = V5QYPYR594;
						ProvisioningStyle = Automatic;
					};
					D70BCEF71EA6F77700E920B0 = {
						CreatedOnToolsVersion = 8.3.1;
						DevelopmentTeam = V5QYPYR594;
						ProvisioningStyle = Automatic;
						TestTargetID = D70BCEDE1EA6F77700E920B0;
					};
					D70BCF021EA6F77700E920B0 = {
						CreatedOnToolsVersion = 8.3.1;
						DevelopmentTeam = V5QYPYR594;
						ProvisioningStyle = Automatic;
						TestTargetID = D70BCEDE1EA6F77700E920B0;
					};
				};
			};
			buildConfigurationList = D70BCEDA1EA6F77700E920B0 /* Build configuration list for PBXProject "TranslationAnimate" */;
			compatibilityVersion = "Xcode 3.2";
			developmentRegion = English;
			hasScannedForEncodings = 0;
			knownRegions = (
				en,
				Base,
			);
			mainGroup = D70BCED61EA6F77700E920B0;
			productRefGroup = D70BCEE01EA6F77700E920B0 /* Products */;
			projectDirPath = "";
			projectRoot = "";
			targets = (
				D70BCEDE1EA6F77700E920B0 /* TranslationAnimate */,
				D70BCEF71EA6F77700E920B0 /* TranslationAnimateTests */,
				D70BCF021EA6F77700E920B0 /* TranslationAnimateUITests */,
			);
		};
/* End PBXProject section */

/* Begin PBXResourcesBuildPhase section */
		D70BCEDD1EA6F77700E920B0 /* Resources */ = {
			isa = PBXResourcesBuildPhase;
			buildActionMask = 2147483647;
			files = (
				D70BCEF21EA6F77700E920B0 /* LaunchScreen.storyboard in Resources */,
				D70BCEEF1EA6F77700E920B0 /* Assets.xcassets in Resources */,
			);
			runOnlyForDeploymentPostprocessing = 0;
		};
		D70BCEF61EA6F77700E920B0 /* Resources */ = {
			isa = PBXResourcesBuildPhase;
			buildActionMask = 2147483647;
			files = (
			);
			runOnlyForDeploymentPostprocessing = 0;
		};
		D70BCF011EA6F77700E920B0 /* Resources */ = {
			isa = PBXResourcesBuildPhase;
			buildActionMask = 2147483647;
			files = (
			);
			runOnlyForDeploymentPostprocessing = 0;
		};
/* End PBXResourcesBuildPhase section */

/* Begin PBXSourcesBuildPhase section */
		D70BCEDB1EA6F77700E920B0 /* Sources */ = {
			isa = PBXSourcesBuildPhase;
			buildActionMask = 2147483647;
			files = (
				D70BCF3F1EA7547600E920B0 /* UIView+Snapshot.m in Sources */,
				D70BCF3C1EA7490300E920B0 /* ToViewController.m in Sources */,
				D70BCEE71EA6F77700E920B0 /* AppDelegate.m in Sources */,
				D70BCEE41EA6F77700E920B0 /* main.m in Sources */,
				D70BCF451EA76BA400E920B0 /* SwipeInteractiveTransition.m in Sources */,
				D70BCF1D1EA6F7C900E920B0 /* FromViewController.m in Sources */,
				D70BCF201EA6F8E200E920B0 /* TranslationAnimateManager.m in Sources */,
			);
			runOnlyForDeploymentPostprocessing = 0;
		};
		D70BCEF41EA6F77700E920B0 /* Sources */ = {
			isa = PBXSourcesBuildPhase;
			buildActionMask = 2147483647;
			files = (
				D70BCEFD1EA6F77700E920B0 /* TranslationAnimateTests.m in Sources */,
			);
			runOnlyForDeploymentPostprocessing = 0;
		};
		D70BCEFF1EA6F77700E920B0 /* Sources */ = {
			isa = PBXSourcesBuildPhase;
			buildActionMask = 2147483647;
			files = (
				D70BCF081EA6F77700E920B0 /* TranslationAnimateUITests.m in Sources */,
			);
			runOnlyForDeploymentPostprocessing = 0;
		};
/* End PBXSourcesBuildPhase section */

/* Begin PBXTargetDependency section */
		D70BCEFA1EA6F77700E920B0 /* PBXTargetDependency */ = {
			isa = PBXTargetDependency;
			target = D70BCEDE1EA6F77700E920B0 /* TranslationAnimate */;
			targetProxy = D70BCEF91EA6F77700E920B0 /* PBXContainerItemProxy */;
		};
		D70BCF051EA6F77700E920B0 /* PBXTargetDependency */ = {
			isa = PBXTargetDependency;
			target = D70BCEDE1EA6F77700E920B0 /* TranslationAnimate */;
			targetProxy = D70BCF041EA6F77700E920B0 /* PBXContainerItemProxy */;
		};
/* End PBXTargetDependency section */

/* Begin PBXVariantGroup section */
		D70BCEF01EA6F77700E920B0 /* LaunchScreen.storyboard */ = {
			isa = PBXVariantGroup;
			children = (
				D70BCEF11EA6F77700E920B0 /* Base */,
			);
			name = LaunchScreen.storyboard;
			sourceTree = "<group>";
		};
/* End PBXVariantGroup section */

/* Begin XCBuildConfiguration section */
		D70BCF0A1EA6F77700E920B0 /* Debug */ = {
			isa = XCBuildConfiguration;
			buildSettings = {
				ALWAYS_SEARCH_USER_PATHS = NO;
				CLANG_ANALYZER_NONNULL = YES;
				CLANG_ANALYZER_NUMBER_OBJECT_CONVERSION = YES_AGGRESSIVE;
				CLANG_CXX_LANGUAGE_STANDARD = "gnu++0x";
				CLANG_CXX_LIBRARY = "libc++";
				CLANG_ENABLE_MODULES = YES;
				CLANG_ENABLE_OBJC_ARC = YES;
				CLANG_WARN_BOOL_CONVERSION = YES;
				CLANG_WARN_CONSTANT_CONVERSION = YES;
				CLANG_WARN_DIRECT_OBJC_ISA_USAGE = YES_ERROR;
				CLANG_WARN_DOCUMENTATION_COMMENTS = YES;
				CLANG_WARN_EMPTY_BODY = YES;
				CLANG_WARN_ENUM_CONVERSION = YES;
				CLANG_WARN_INFINITE_RECURSION = YES;
				CLANG_WARN_INT_CONVERSION = YES;
				CLANG_WARN_OBJC_ROOT_CLASS = YES_ERROR;
				CLANG_WARN_SUSPICIOUS_MOVE = YES;
				CLANG_WARN_UNREACHABLE_CODE = YES;
				CLANG_WARN__DUPLICATE_METHOD_MATCH = YES;
				"CODE_SIGN_IDENTITY[sdk=iphoneos*]" = "iPhone Developer";
				COPY_PHASE_STRIP = NO;
				DEBUG_INFORMATION_FORMAT = dwarf;
				ENABLE_STRICT_OBJC_MSGSEND = YES;
				ENABLE_TESTABILITY = YES;
				GCC_C_LANGUAGE_STANDARD = gnu99;
				GCC_DYNAMIC_NO_PIC = NO;
				GCC_NO_COMMON_BLOCKS = YES;
				GCC_OPTIMIZATION_LEVEL = 0;
				GCC_PREPROCESSOR_DEFINITIONS = (
					"DEBUG=1",
					"$(inherited)",
				);
				GCC_WARN_64_TO_32_BIT_CONVERSION = YES;
				GCC_WARN_ABOUT_RETURN_TYPE = YES_ERROR;
				GCC_WARN_UNDECLARED_SELECTOR = YES;
				GCC_WARN_UNINITIALIZED_AUTOS = YES_AGGRESSIVE;
				GCC_WARN_UNUSED_FUNCTION = YES;
				GCC_WARN_UNUSED_VARIABLE = YES;
				IPHONEOS_DEPLOYMENT_TARGET = 10.3;
				MTL_ENABLE_DEBUG_INFO = YES;
				ONLY_ACTIVE_ARCH = YES;
				SDKROOT = iphoneos;
			};
			name = Debug;
		};
		D70BCF0B1EA6F77700E920B0 /* Release */ = {
			isa = XCBuildConfiguration;
			buildSettings = {
				ALWAYS_SEARCH_USER_PATHS = NO;
				CLANG_ANALYZER_NONNULL = YES;
				CLANG_ANALYZER_NUMBER_OBJECT_CONVERSION = YES_AGGRESSIVE;
				CLANG_CXX_LANGUAGE_STANDARD = "gnu++0x";
				CLANG_CXX_LIBRARY = "libc++";
				CLANG_ENABLE_MODULES = YES;
				CLANG_ENABLE_OBJC_ARC = YES;
				CLANG_WARN_BOOL_CONVERSION = YES;
				CLANG_WARN_CONSTANT_CONVERSION = YES;
				CLANG_WARN_DIRECT_OBJC_ISA_USAGE = YES_ERROR;
				CLANG_WARN_DOCUMENTATION_COMMENTS = YES;
				CLANG_WARN_EMPTY_BODY = YES;
				CLANG_WARN_ENUM_CONVERSION = YES;
				CLANG_WARN_INFINITE_RECURSION = YES;
				CLANG_WARN_INT_CONVERSION = YES;
				CLANG_WARN_OBJC_ROOT_CLASS = YES_ERROR;
				CLANG_WARN_SUSPICIOUS_MOVE = YES;
				CLANG_WARN_UNREACHABLE_CODE = YES;
				CLANG_WARN__DUPLICATE_METHOD_MATCH = YES;
				"CODE_SIGN_IDENTITY[sdk=iphoneos*]" = "iPhone Developer";
				COPY_PHASE_STRIP = NO;
				DEBUG_INFORMATION_FORMAT = "dwarf-with-dsym";
				ENABLE_NS_ASSERTIONS = NO;
				ENABLE_STRICT_OBJC_MSGSEND = YES;
				GCC_C_LANGUAGE_STANDARD = gnu99;
				GCC_NO_COMMON_BLOCKS = YES;
				GCC_WARN_64_TO_32_BIT_CONVERSION = YES;
				GCC_WARN_ABOUT_RETURN_TYPE = YES_ERROR;
				GCC_WARN_UNDECLARED_SELECTOR = YES;
				GCC_WARN_UNINITIALIZED_AUTOS = YES_AGGRESSIVE;
				GCC_WARN_UNUSED_FUNCTION = YES;
				GCC_WARN_UNUSED_VARIABLE = YES;
				IPHONEOS_DEPLOYMENT_TARGET = 10.3;
				MTL_ENABLE_DEBUG_INFO = NO;
				SDKROOT = iphoneos;
				VALIDATE_PRODUCT = YES;
			};
			name = Release;
		};
		D70BCF0D1EA6F77700E920B0 /* Debug */ = {
			isa = XCBuildConfiguration;
			buildSettings = {
				ASSETCATALOG_COMPILER_APPICON_NAME = AppIcon;
				DEVELOPMENT_TEAM = V5QYPYR594;
				INFOPLIST_FILE = TranslationAnimate/Info.plist;
				IPHONEOS_DEPLOYMENT_TARGET = 10.1;
				LD_RUNPATH_SEARCH_PATHS = "$(inherited) @executable_path/Frameworks";
				PRODUCT_BUNDLE_IDENTIFIER = renhuachi.TranslationAnimate;
				PRODUCT_NAME = "$(TARGET_NAME)";
			};
			name = Debug;
		};
		D70BCF0E1EA6F77700E920B0 /* Release */ = {
			isa = XCBuildConfiguration;
			buildSettings = {
				ASSETCATALOG_COMPILER_APPICON_NAME = AppIcon;
				DEVELOPMENT_TEAM = V5QYPYR594;
				INFOPLIST_FILE = TranslationAnimate/Info.plist;
				IPHONEOS_DEPLOYMENT_TARGET = 10.1;
				LD_RUNPATH_SEARCH_PATHS = "$(inherited) @executable_path/Frameworks";
				PRODUCT_BUNDLE_IDENTIFIER = renhuachi.TranslationAnimate;
				PRODUCT_NAME = "$(TARGET_NAME)";
			};
			name = Release;
		};
		D70BCF101EA6F77700E920B0 /* Debug */ = {
			isa = XCBuildConfiguration;
			buildSettings = {
				BUNDLE_LOADER = "$(TEST_HOST)";
				DEVELOPMENT_TEAM = V5QYPYR594;
				INFOPLIST_FILE = TranslationAnimateTests/Info.plist;
				LD_RUNPATH_SEARCH_PATHS = "$(inherited) @executable_path/Frameworks @loader_path/Frameworks";
				PRODUCT_BUNDLE_IDENTIFIER = renhuachi.TranslationAnimateTests;
				PRODUCT_NAME = "$(TARGET_NAME)";
				TEST_HOST = "$(BUILT_PRODUCTS_DIR)/TranslationAnimate.app/TranslationAnimate";
			};
			name = Debug;
		};
		D70BCF111EA6F77700E920B0 /* Release */ = {
			isa = XCBuildConfiguration;
			buildSettings = {
				BUNDLE_LOADER = "$(TEST_HOST)";
				DEVELOPMENT_TEAM = V5QYPYR594;
				INFOPLIST_FILE = TranslationAnimateTests/Info.plist;
				LD_RUNPATH_SEARCH_PATHS = "$(inherited) @executable_path/Frameworks @loader_path/Frameworks";
				PRODUCT_BUNDLE_IDENTIFIER = renhuachi.TranslationAnimateTests;
				PRODUCT_NAME = "$(TARGET_NAME)";
				TEST_HOST = "$(BUILT_PRODUCTS_DIR)/TranslationAnimate.app/TranslationAnimate";
			};
			name = Release;
		};
		D70BCF131EA6F77700E920B0 /* Debug */ = {
			isa = XCBuildConfiguration;
			buildSettings = {
				DEVELOPMENT_TEAM = V5QYPYR594;
				INFOPLIST_FILE = TranslationAnimateUITests/Info.plist;
				LD_RUNPATH_SEARCH_PATHS = "$(inherited) @executable_path/Frameworks @loader_path/Frameworks";
				PRODUCT_BUNDLE_IDENTIFIER = renhuachi.TranslationAnimateUITests;
				PRODUCT_NAME = "$(TARGET_NAME)";
				TEST_TARGET_NAME = TranslationAnimate;
			};
			name = Debug;
		};
		D70BCF141EA6F77700E920B0 /* Release */ = {
			isa = XCBuildConfiguration;
			buildSettings = {
				DEVELOPMENT_TEAM = V5QYPYR594;
				INFOPLIST_FILE = TranslationAnimateUITests/Info.plist;
				LD_RUNPATH_SEARCH_PATHS = "$(inherited) @executable_path/Frameworks @loader_path/Frameworks";
				PRODUCT_BUNDLE_IDENTIFIER = renhuachi.TranslationAnimateUITests;
				PRODUCT_NAME = "$(TARGET_NAME)";
				TEST_TARGET_NAME = TranslationAnimate;
			};
			name = Release;
		};
/* End XCBuildConfiguration section */

/* Begin XCConfigurationList section */
		D70BCEDA1EA6F77700E920B0 /* Build configuration list for PBXProject "TranslationAnimate" */ = {
			isa = XCConfigurationList;
			buildConfigurations = (
				D70BCF0A1EA6F77700E920B0 /* Debug */,
				D70BCF0B1EA6F77700E920B0 /* Release */,
			);
			defaultConfigurationIsVisible = 0;
			defaultConfigurationName = Release;
		};
		D70BCF0C1EA6F77700E920B0 /* Build configuration list for PBXNativeTarget "TranslationAnimate" */ = {
			isa = XCConfigurationList;
			buildConfigurations = (
				D70BCF0D1EA6F77700E920B0 /* Debug */,
				D70BCF0E1EA6F77700E920B0 /* Release */,
			);
			defaultConfigurationIsVisible = 0;
			defaultConfigurationName = Release;
		};
		D70BCF0F1EA6F77700E920B0 /* Build configuration list for PBXNativeTarget "TranslationAnimateTests" */ = {
			isa = XCConfigurationList;
			buildConfigurations = (
				D70BCF101EA6F77700E920B0 /* Debug */,
				D70BCF111EA6F77700E920B0 /* Release */,
			);
			defaultConfigurationIsVisible = 0;
			defaultConfigurationName = Release;
		};
		D70BCF121EA6F77700E920B0 /* Build configuration list for PBXNativeTarget "TranslationAnimateUITests" */ = {
			isa = XCConfigurationList;
			buildConfigurations = (
				D70BCF131EA6F77700E920B0 /* Debug */,
				D70BCF141EA6F77700E920B0 /* Release */,
			);
			defaultConfigurationIsVisible = 0;
			defaultConfigurationName = Release;
		};
/* End XCConfigurationList section */
	};
	rootObject = D70BCED71EA6F77700E920B0 /* Project object */;
}
